lockfileVersion: '9.0'

settings:
  autoInstallPeers: true
  excludeLinksFromLockfile: false

importers:

  .:
    dependencies:
      '@material/material-color-utilities':
        specifier: ^0.4.0
        version: 0.4.0
    devDependencies:
      '@rollup/plugin-commonjs':
        specifier: ^29.0.0
        version: 29.0.2(rollup@4.60.2)
      '@rollup/plugin-node-resolve':
        specifier: ^16.0.0
        version: 16.0.3(rollup@4.60.2)
      prettier:
        specifier: ^3.0.0
        version: 3.8.3
      rollup:
        specifier: ^4.0.0
        version: 4.60.2
      rollup-plugin-dts:
        specifier: ^6.0.0
        version: 6.4.1(rollup@4.60.2)(typescript@6.0.3)
      rollup-plugin-swc3:
        specifier: ^0.12.0
        version: 0.12.1(@swc/core@1.15.32)(rollup@4.60.2)
      tailwindcss:
        specifier: ^4.0.0
        version: 4.2.4
      typescript:
        specifier: ^6.0.0
        version: 6.0.3

packages:

  '@babel/code-frame@7.29.0':
    resolution: {integrity: sha512-9NhCeYjq9+3uxgdtp20LSiJXJvN0FeCtNGpJxuMFZ1Kv3cWUNb6DOhJwUvcVCzKGR66cw4njwM6hrJLqgOwbcw==}
    engines: {node: '>=6.9.0'}

  '@babel/helper-validator-identifier@7.28.5':
    resolution: {integrity: sha512-qSs4ifwzKJSV39ucNjsvc6WVHs6b7S03sOh2OcHF9UHfVPqWWALUsNUVzhSBiItjRZoLHx7nIarVjqKVusUZ1Q==}
    engines: {node: '>=6.9.0'}

  '@dual-bundle/import-meta-resolve@4.2.1':
    resolution: {integrity: sha512-id+7YRUgoUX6CgV0DtuhirQWodeeA7Lf4i2x71JS/vtA5pRb/hIGWlw+G6MeXvsM+MXrz0VAydTGElX1rAfgPg==}

  '@fastify/deepmerge@2.0.2':
    resolution: {integrity: sha512-3wuLdX5iiiYeZWP6bQrjqhrcvBIf0NHbQH1Ur1WbHvoiuTYUEItgygea3zs8aHpiitn0lOB8gX20u1qO+FDm7Q==}

  '@jridgewell/gen-mapping@0.3.13':
    resolution: {integrity: sha512-2kkt/7niJ6MgEPxF0bYdQ6etZaA+fQvDcLKckhy1yIQOzaoKjBBjSj63/aLVjYE3qhRt5dvM+uUyfCg6UKCBbA==}

  '@jridgewell/remapping@2.3.5':
    resolution: {integrity: sha512-LI9u/+laYG4Ds1TDKSJW2YPrIlcVYOwi2fUC6xB43lueCjgxV4lffOCZCtYFiH6TNOX+tQKXx97T4IKHbhyHEQ==}

  '@jridgewell/resolve-uri@3.1.2':
    resolution: {integrity: sha512-bRISgCIjP20/tbWSPWMEi54QVPRZExkuD9lJL+UIxUKtwVJA8wW1Trb1jMs1RFXo1CBTNZ/5hpC9QvmKWdopKw==}
    engines: {node: '>=6.0.0'}

  '@jridgewell/sourcemap-codec@1.5.5':
    resolution: {integrity: sha512-cYQ9310grqxueWbl+WuIUIaiUaDcj7WOq5fVhEljNVgRfOUhY9fy2zTvfoqWsnebh8Sl70VScFbICvJnLKB0Og==}

  '@jridgewell/trace-mapping@0.3.31':
    resolution: {integrity: sha512-zzNR+SdQSDJzc8joaeP8QQoCQr8NuYx2dIIytl1QeBEZHJ9uW6hebsrYgbz8hJwUQao3TWCMtmfV8Nu1twOLAw==}

  '@material/material-color-utilities@0.4.0':
    resolution: {integrity: sha512-dlq6VExJReb8dhjj3a/yTigr3ncNwoFmL5Iy2ENtbDX03EmNeOEdZ+vsaGrj7RTuO+mB7L58II4LCsl4NpM8uw==}

  '@rollup/plugin-commonjs@29.0.2':
    resolution: {integrity: sha512-S/ggWH1LU7jTyi9DxZOKyxpVd4hF/OZ0JrEbeLjXk/DFXwRny0tjD2c992zOUYQobLrVkRVMDdmHP16HKP7GRg==}
    engines: {node: '>=16.0.0 || 14 >= 14.17'}
    peerDependencies:
      rollup: ^2.68.0||^3.0.0||^4.0.0
    peerDependenciesMeta:
      rollup:
        optional: true

  '@rollup/plugin-node-resolve@16.0.3':
    resolution: {integrity: sha512-lUYM3UBGuM93CnMPG1YocWu7X802BrNF3jW2zny5gQyLQgRFJhV1Sq0Zi74+dh/6NBx1DxFC4b4GXg9wUCG5Qg==}
    engines: {node: '>=14.0.0'}
    peerDependencies:
      rollup: ^2.78.0||^3.0.0||^4.0.0
    peerDependenciesMeta:
      rollup:
        optional: true

  '@rollup/pluginutils@5.3.0':
    resolution: {integrity: sha512-5EdhGZtnu3V88ces7s53hhfK5KSASnJZv8Lulpc04cWO3REESroJXg73DFsOmgbU2BhwV0E20bu2IDZb3VKW4Q==}
    engines: {node: '>=14.0.0'}
    peerDependencies:
      rollup: ^1.20.0||^2.0.0||^3.0.0||^4.0.0
    peerDependenciesMeta:
      rollup:
        optional: true

  '@rollup/rollup-android-arm-eabi@4.60.2':
    resolution: {integrity: sha512-dnlp69efPPg6Uaw2dVqzWRfAWRnYVb1XJ8CyyhIbZeaq4CA5/mLeZ1IEt9QqQxmbdvagjLIm2ZL8BxXv5lH4Yw==}
    cpu: [arm]
    os: [android]

  '@rollup/rollup-android-arm64@4.60.2':
    resolution: {integrity: sha512-OqZTwDRDchGRHHm/hwLOL7uVPB9aUvI0am/eQuWMNyFHf5PSEQmyEeYYheA0EPPKUO/l0uigCp+iaTjoLjVoHg==}
    cpu: [arm64]
    os: [android]

  '@rollup/rollup-darwin-arm64@4.60.2':
    resolution: {integrity: sha512-UwRE7CGpvSVEQS8gUMBe1uADWjNnVgP3Iusyda1nSRwNDCsRjnGc7w6El6WLQsXmZTbLZx9cecegumcitNfpmA==}
    cpu: [arm64]
    os: [darwin]

  '@rollup/rollup-darwin-x64@4.60.2':
    resolution: {integrity: sha512-gjEtURKLCC5VXm1I+2i1u9OhxFsKAQJKTVB8WvDAHF+oZlq0GTVFOlTlO1q3AlCTE/DF32c16ESvfgqR7343/g==}
    cpu: [x64]
    os: [darwin]

  '@rollup/rollup-freebsd-arm64@4.60.2':
    resolution: {integrity: sha512-Bcl6CYDeAgE70cqZaMojOi/eK63h5Me97ZqAQoh77VPjMysA/4ORQBRGo3rRy45x4MzVlU9uZxs8Uwy7ZaKnBw==}
    cpu: [arm64]
    os: [freebsd]

  '@rollup/rollup-freebsd-x64@4.60.2':
    resolution: {integrity: sha512-LU+TPda3mAE2QB0/Hp5VyeKJivpC6+tlOXd1VMoXV/YFMvk/MNk5iXeBfB4MQGRWyOYVJ01625vjkr0Az98OJQ==}
    cpu: [x64]
    os: [freebsd]

  '@rollup/rollup-linux-arm-gnueabihf@4.60.2':
    resolution: {integrity: sha512-2QxQrM+KQ7DAW4o22j+XZ6RKdxjLD7BOWTP0Bv0tmjdyhXSsr2Ul1oJDQqh9Zf5qOwTuTc7Ek83mOFaKnodPjg==}
    cpu: [arm]
    os: [linux]

  '@rollup/rollup-linux-arm-musleabihf@4.60.2':
    resolution: {integrity: sha512-TbziEu2DVsTEOPif2mKWkMeDMLoYjx95oESa9fkQQK7r/Orta0gnkcDpzwufEcAO2BLBsD7mZkXGFqEdMRRwfw==}
    cpu: [arm]
    os: [linux]

  '@rollup/rollup-linux-arm64-gnu@4.60.2':
    resolution: {integrity: sha512-bO/rVDiDUuM2YfuCUwZ1t1cP+/yqjqz+Xf2VtkdppefuOFS2OSeAfgafaHNkFn0t02hEyXngZkxtGqXcXwO8Rg==}
    cpu: [arm64]
    os: [linux]

  '@rollup/rollup-linux-arm64-musl@4.60.2':
    resolution: {integrity: sha512-hr26p7e93Rl0Za+JwW7EAnwAvKkehh12BU1Llm9Ykiibg4uIr2rbpxG9WCf56GuvidlTG9KiiQT/TXT1yAWxTA==}
    cpu: [arm64]
    os: [linux]

  '@rollup/rollup-linux-loong64-gnu@4.60.2':
    resolution: {integrity: sha512-pOjB/uSIyDt+ow3k/RcLvUAOGpysT2phDn7TTUB3n75SlIgZzM6NKAqlErPhoFU+npgY3/n+2HYIQVbF70P9/A==}
    cpu: [loong64]
    os: [linux]

  '@rollup/rollup-linux-loong64-musl@4.60.2':
    resolution: {integrity: sha512-2/w+q8jszv9Ww1c+6uJT3OwqhdmGP2/4T17cu8WuwyUuuaCDDJ2ojdyYwZzCxx0GcsZBhzi3HmH+J5pZNXnd+Q==}
    cpu: [loong64]
    os: [linux]

  '@rollup/rollup-linux-ppc64-gnu@4.60.2':
    resolution: {integrity: sha512-11+aL5vKheYgczxtPVVRhdptAM2H7fcDR5Gw4/bTcteuZBlH4oP9f5s9zYO9aGZvoGeBpqXI/9TZZihZ609wKw==}
    cpu: [ppc64]
    os: [linux]

  '@rollup/rollup-linux-ppc64-musl@4.60.2':
    resolution: {integrity: sha512-i16fokAGK46IVZuV8LIIwMdtqhin9hfYkCh8pf8iC3QU3LpwL+1FSFGej+O7l3E/AoknL6Dclh2oTdnRMpTzFQ==}
    cpu: [ppc64]
    os: [linux]

  '@rollup/rollup-linux-riscv64-gnu@4.60.2':
    resolution: {integrity: sha512-49FkKS6RGQoriDSK/6E2GkAsAuU5kETFCh7pG4yD/ylj9rKhTmO3elsnmBvRD4PgJPds5W2PkhC82aVwmUcJ7A==}
    cpu: [riscv64]
    os: [linux]

  '@rollup/rollup-linux-riscv64-musl@4.60.2':
    resolution: {integrity: sha512-mjYNkHPfGpUR00DuM1ZZIgs64Hpf4bWcz9Z41+4Q+pgDx73UwWdAYyf6EG/lRFldmdHHzgrYyge5akFUW0D3mQ==}
    cpu: [riscv64]
    os: [linux]

  '@rollup/rollup-linux-s390x-gnu@4.60.2':
    resolution: {integrity: sha512-ALyvJz965BQk8E9Al/JDKKDLH2kfKFLTGMlgkAbbYtZuJt9LU8DW3ZoDMCtQpXAltZxwBHevXz5u+gf0yA0YoA==}
    cpu: [s390x]
    os: [linux]

  '@rollup/rollup-linux-x64-gnu@4.60.2':
    resolution: {integrity: sha512-UQjrkIdWrKI626Du8lCQ6MJp/6V1LAo2bOK9OTu4mSn8GGXIkPXk/Vsp4bLHCd9Z9Iz2OTEaokUE90VweJgIYQ==}
    cpu: [x64]
    os: [linux]

  '@rollup/rollup-linux-x64-musl@4.60.2':
    resolution: {integrity: sha512-bTsRGj6VlSdn/XD4CGyzMnzaBs9bsRxy79eTqTCBsA8TMIEky7qg48aPkvJvFe1HyzQ5oMZdg7AnVlWQSKLTnw==}
    cpu: [x64]
    os: [linux]

  '@rollup/rollup-openbsd-x64@4.60.2':
    resolution: {integrity: sha512-6d4Z3534xitaA1FcMWP7mQPq5zGwBmGbhphh2DwaA1aNIXUu3KTOfwrWpbwI4/Gr0uANo7NTtaykFyO2hPuFLg==}
    cpu: [x64]
    os: [openbsd]

  '@rollup/rollup-openharmony-arm64@4.60.2':
    resolution: {integrity: sha512-NetAg5iO2uN7eB8zE5qrZ3CSil+7IJt4WDFLcC75Ymywq1VZVD6qJ6EvNLjZ3rEm6gB7XW5JdT60c6MN35Z85Q==}
    cpu: [arm64]
    os: [openharmony]

  '@rollup/rollup-win32-arm64-msvc@4.60.2':
    resolution: {integrity: sha512-NCYhOotpgWZ5kdxCZsv6Iudx0wX8980Q/oW4pNFNihpBKsDbEA1zpkfxJGC0yugsUuyDZ7gL37dbzwhR0VI7pQ==}
    cpu: [arm64]
    os: [win32]

  '@rollup/rollup-win32-ia32-msvc@4.60.2':
    resolution: {integrity: sha512-RXsaOqXxfoUBQoOgvmmijVxJnW2IGB0eoMO7F8FAjaj0UTywUO/luSqimWBJn04WNgUkeNhh7fs7pESXajWmkg==}
    cpu: [ia32]
    os: [win32]

  '@rollup/rollup-win32-x64-gnu@4.60.2':
    resolution: {integrity: sha512-qdAzEULD+/hzObedtmV6iBpdL5TIbKVztGiK7O3/KYSf+HIzU257+MX1EXJcyIiDbMAqmbwaufcYPvyRryeZtA==}
    cpu: [x64]
    os: [win32]

  '@rollup/rollup-win32-x64-msvc@4.60.2':
    resolution: {integrity: sha512-Nd/SgG27WoA9e+/TdK74KnHz852TLa94ovOYySo/yMPuTmpckK/jIF2jSwS3g7ELSKXK13/cVdmg1Z/DaCWKxA==}
    cpu: [x64]
    os: [win32]

  '@swc/core-darwin-arm64@1.15.32':
    resolution: {integrity: sha512-/YWMvJDPu+AAwuUsM2G+DNQ/7zhodURGzdQyewEqcvgklAdDHs3LwQmLLnyn6SJl8DT8UOxkbzK+D1PmPeelRg==}
    engines: {node: '>=10'}
    cpu: [arm64]
    os: [darwin]

  '@swc/core-darwin-x64@1.15.32':
    resolution: {integrity: sha512-KOTXJXdAhWL+hZ77MYP3z+4pcMFaQhQ74yqyN1uz093q0YnbxpqMtYpPISbYvMHzVRNNx5kN+9RZAXEaadhWVA==}
    engines: {node: '>=10'}
    cpu: [x64]
    os: [darwin]

  '@swc/core-linux-arm-gnueabihf@1.15.32':
    resolution: {integrity: sha512-oOoxLweljlc0A4X8ybsgxV7cVaYTwBOg2iMDJcFR3Sr48C+lsv9VzSmqdK/IVIXF4W4GjLc3VqTAdSMXlfVLuQ==}
    engines: {node: '>=10'}
    cpu: [arm]
    os: [linux]

  '@swc/core-linux-arm64-gnu@1.15.32':
    resolution: {integrity: sha512-oDzEkdl6D6BAWdMtU5KGO7y3HR5fJcvByNLyEk9+ugj8nP5Ovb7P4kBcStBXc4MPExFGQryehiINMlmY8HlclA==}
    engines: {node: '>=10'}
    cpu: [arm64]
    os: [linux]

  '@swc/core-linux-arm64-musl@1.15.32':
    resolution: {integrity: sha512-omcqjoZP/b8D8PuczVoRwJieC6ibj7qIxTftNYokz4/aSmKFHvsd7nIFfPk5ZvtzncbH4AY7+Dkr/Lp2gWxYeA==}
    engines: {node: '>=10'}
    cpu: [arm64]
    os: [linux]

  '@swc/core-linux-ppc64-gnu@1.15.32':
    resolution: {integrity: sha512-KGkTMyz/Tbn3PBNu0AVZ4GTDFKnICrYcTiNPZq8DrvK42pnFsf3GNDrIG9E5AtQlTmC0YigkWKmu0eMcfTrmgA==}
    engines: {node: '>=10'}
    cpu: [ppc64]
    os: [linux]

  '@swc/core-linux-s390x-gnu@1.15.32':
    resolution: {integrity: sha512-G3Aa4tVS/3OGZBkoNIwUF9F6RAy+Osb4GOlo62SinLmDiErz/ykmM7KH0wkz6l9kM8jJq1HyAM6atJTUEbBk7g==}
    engines: {node: '>=10'}
    cpu: [s390x]
    os: [linux]

  '@swc/core-linux-x64-gnu@1.15.32':
    resolution: {integrity: sha512-ERsjfGcj6CBmj3vJnGDO8m8rTvw6RqMcWo1dogOtNx3/+/0+NNpJiXDobJrr1GwInI/BHAEkvSFIH6d2LqPcUQ==}
    engines: {node: '>=10'}
    cpu: [x64]
    os: [linux]

  '@swc/core-linux-x64-musl@1.15.32':
    resolution: {integrity: sha512-N4Ggahe/8SUbTX50P6EdhbW9YWcgbZVb52R4cq6MK+zsoMjRq7rGvV5ztA05QnbaCYqMYx8rTY7KAIA3Crdo4Q==}
    engines: {node: '>=10'}
    cpu: [x64]
    os: [linux]

  '@swc/core-win32-arm64-msvc@1.15.32':
    resolution: {integrity: sha512-01yN0o9jvo8xBTP12aPK2wW8b41jmOlGbDDlAnoynotc4pO6xA0zby9f1z6j++qXDpGBttLySq1omgVrlQKYcw==}
    engines: {node: '>=10'}
    cpu: [arm64]
    os: [win32]

  '@swc/core-win32-ia32-msvc@1.15.32':
    resolution: {integrity: sha512-fLagI9XZYNpTcmlqAcp3KBtmj7E19WCmYD80Jxj1Kn5tGNa7yxNLd3NNdWxuZGUPl5iC0/KqZru7g08gF6Fsrw==}
    engines: {node: '>=10'}
    cpu: [ia32]
    os: [win32]

  '@swc/core-win32-x64-msvc@1.15.32':
    resolution: {integrity: sha512-gbc2bQ/T2CiR+w0OvcVKwLOFAcPZBvmWmolbwpg1E8UrpeC03DGtyMUApOHNXNYWA3SHFrYXCQtosrcMza1YFg==}
    engines: {node: '>=10'}
    cpu: [x64]
    os: [win32]

  '@swc/core@1.15.32':
    resolution: {integrity: sha512-/eWL0n43D64QWEUHLtTE+jDqjkJhyidjkDhv6f0uJohOUAhywxQ9wXYp845DNNds0JpCdI4Uo0a9bl+vbXf+ew==}
    engines: {node: '>=10'}
    peerDependencies:
      '@swc/helpers': '>=0.5.17'
    peerDependenciesMeta:
      '@swc/helpers':
        optional: true

  '@swc/counter@0.1.3':
    resolution: {integrity: sha512-e2BR4lsJkkRlKZ/qCHPw9ZaSxc0MVUd7gtbtaB7aMvHeJVYe8sOB8DBZkP2DtISHGSku9sCK6T6cnY0CtXrOCQ==}

  '@swc/types@0.1.26':
    resolution: {integrity: sha512-lyMwd7WGgG79RS7EERZV3T8wMdmPq3xwyg+1nmAM64kIhx5yl+juO2PYIHb7vTiPgPCj8LYjsNV2T5wiQHUEaw==}

  '@types/estree@1.0.8':
    resolution: {integrity: sha512-dWHzHa2WqEXI/O1E9OjrocMTKJl2mSrEolh1Iomrv6U+JuNwaHXsXx9bLu5gG7BUWFIN0skIQJQ/L1rIex4X6w==}

  '@types/resolve@1.20.2':
    resolution: {integrity: sha512-60BCwRFOZCQhDncwQdxxeOEEkbc5dIMccYLwbxsS4TUNeVECQ/pBJ0j09mrHOl/JJvpRPGwO9SvE4nR2Nb/a4Q==}

  commondir@1.0.1:
    resolution: {integrity: sha512-W9pAhw0ja1Edb5GVdIF1mjZw/ASI0AlShXM83UUGe2DVr5TdAPEA1OA8m/g8zWp9x6On7gqufY+FatDbC3MDQg==}

  convert-source-map@2.0.0:
    resolution: {integrity: sha512-Kvp459HrV2FEJ1CAsi1Ku+MY3kasH19TFykTz2xWmMeq6bk2NU3XXvfJ+Q61m0xktWwt+1HSYf3JZsTms3aRJg==}

  deepmerge@4.3.1:
    resolution: {integrity: sha512-3sUqbMEc77XqpdNO7FRyRog+eW3ph+GYCbj+rK+uYyRMuwsVy0rMiVtPn+QJlKFvWP/1PYpapqYn0Me2knFn+A==}
    engines: {node: '>=0.10.0'}

  es-errors@1.3.0:
    resolution: {integrity: sha512-Zf5H2Kxt2xjTvbJvP2ZWLEICxA6j+hAmMzIlypy4xcBg1vKVnx89Wy0GbS+kf5cwCVFFzdCFh2XSCFNULS6csw==}
    engines: {node: '>= 0.4'}

  estree-walker@2.0.2:
    resolution: {integrity: sha512-Rfkk/Mp/DL7JVje3u18FxFujQlTNR2q6QfMSMB7AvCBx91NGj/ba3kCfza0f6dVDbw7YlRf/nDrn7pQrCCyQ/w==}

  fdir@6.5.0:
    resolution: {integrity: sha512-tIbYtZbucOs0BRGqPJkshJUYdL+SDH7dVM8gjy+ERp3WAUjLEFJE+02kanyHtwjWOnwrKYBiwAmM0p4kLJAnXg==}
    engines: {node: '>=12.0.0'}
    peerDependencies:
      picomatch: ^3 || ^4
    peerDependenciesMeta:
      picomatch:
        optional: true

  fsevents@2.3.3:
    resolution: {integrity: sha512-5xoDfX+fL7faATnagmWPpbFtwh/R77WmMMqqHGS65C3vvB0YHrgF+B1YmZ3441tMj5n63k0212XNoJwzlhffQw==}
    engines: {node: ^8.16.0 || ^10.6.0 || >=11.0.0}
    os: [darwin]

  function-bind@1.1.2:
    resolution: {integrity: sha512-7XHNxH7qX9xG5mIwxkhumTox/MIRNcOgDrxWsMt2pAr23WHp6MrRlN7FBSFpCpr+oVO0F744iUgR82nJMfG2SA==}

  get-tsconfig@4.14.0:
    resolution: {integrity: sha512-yTb+8DXzDREzgvYmh6s9vHsSVCHeC0G3PI5bEXNBHtmshPnO+S5O7qgLEOn0I5QvMy6kpZN8K1NKGyilLb93wA==}

  hasown@2.0.3:
    resolution: {integrity: sha512-ej4AhfhfL2Q2zpMmLo7U1Uv9+PyhIZpgQLGT1F9miIGmiCJIoCgSmczFdrc97mWT4kVY72KA+WnnhJ5pghSvSg==}
    engines: {node: '>= 0.4'}

  is-core-module@2.16.1:
    resolution: {integrity: sha512-UfoeMA6fIJ8wTYFEUjelnaGI67v6+N7qXJEvQuIGa99l4xsCruSYOVSQ0uPANn4dAzm8lkYPaKLrrijLq7x23w==}
    engines: {node: '>= 0.4'}

  is-module@1.0.0:
    resolution: {integrity: sha512-51ypPSPCoTEIN9dy5Oy+h4pShgJmPCygKfyRCISBI+JoWT/2oJvK8QPxmwv7b/p239jXrm9M1mlQbyKJ5A152g==}

  is-reference@1.2.1:
    resolution: {integrity: sha512-U82MsXXiFIrjCK4otLT+o2NA2Cd2g5MLoOVXUZjIOhLurrRxpEXzI8O0KZHr3IjLvlAH1kTPYSuqer5T9ZVBKQ==}

  js-tokens@4.0.0:
    resolution: {integrity: sha512-RdJUflcE3cUzKiMqQgsCu06FPu9UdIJO0beYbPhHN4k6apgJtifcoCtT9bcxOpYBtpD2kCM6Sbzg4CausW/PKQ==}

  magic-string@0.30.21:
    resolution: {integrity: sha512-vd2F4YUyEXKGcLHoq+TEyCjxueSeHnFxyyjNp80yg0XV4vUhnDer/lvvlqM/arB5bXQN5K2/3oinyCRyx8T2CQ==}

  path-parse@1.0.7:
    resolution: {integrity: sha512-LDJzPVEEEPR+y48z93A0Ed0yXb8pAByGWo/k5YYdYgpY2/2EsOsksJrq7lOHxryrVOn1ejG6oAp8ahvOIQD8sw==}

  picocolors@1.1.1:
    resolution: {integrity: sha512-xceH2snhtb5M9liqDsmEw56le376mTZkEX/jEb/RxNFyegNul7eNslCXP9FDj/Lcu0X8KEyMceP2ntpaHrDEVA==}

  picomatch@4.0.4:
    resolution: {integrity: sha512-QP88BAKvMam/3NxH6vj2o21R6MjxZUAd6nlwAS/pnGvN9IVLocLHxGYIzFhg6fUQ+5th6P4dv4eW9jX3DSIj7A==}
    engines: {node: '>=12'}

  prettier@3.8.3:
    resolution: {integrity: sha512-7igPTM53cGHMW8xWuVTydi2KO233VFiTNyF5hLJqpilHfmn8C8gPf+PS7dUT64YcXFbiMGZxS9pCSxL/Dxm/Jw==}
    engines: {node: '>=14'}
    hasBin: true

  resolve-pkg-maps@1.0.0:
    resolution: {integrity: sha512-seS2Tj26TBVOC2NIc2rOe2y2ZO7efxITtLZcGSOnHHNOQ7CkiUBfw0Iw2ck6xkIhPwLhKNLS8BO+hEpngQlqzw==}

  resolve@1.22.12:
    resolution: {integrity: sha512-TyeJ1zif53BPfHootBGwPRYT1RUt6oGWsaQr8UyZW/eAm9bKoijtvruSDEmZHm92CwS9nj7/fWttqPCgzep8CA==}
    engines: {node: '>= 0.4'}
    hasBin: true

  rollup-plugin-dts@6.4.1:
    resolution: {integrity: sha512-l//F3Zf7ID5GoOfLfD8kroBjQKEKpy1qfhtAdnpibFZMffPaylrg1CoDC2vGkPeTeyxUe4bVFCln2EFuL7IGGg==}
    engines: {node: '>=20'}
    peerDependencies:
      rollup: ^3.29.4 || ^4
      typescript: ^4.5 || ^5.0 || ^6.0

  rollup-plugin-swc3@0.12.1:
    resolution: {integrity: sha512-iNV1T432XvyejZ19/41C2gLbXxEOiiJynPPAFF0WzwwFT5FHx7SstAp0yjJRLyrbZjfIhoWJVl3hX3c3Stv/GQ==}
    engines: {node: '>=16'}
    peerDependencies:
      '@swc/core': '>=1.2.165'
      rollup: ^2.0.0 || ^3.0.0 || ^4.0.0

  rollup-preserve-directives@1.1.3:
    resolution: {integrity: sha512-oXqxd6ZzkoQej8Qt0k+S/yvO2+S4CEVEVv2g85oL15o0cjAKTKEuo2MzyA8FcsBBXbtytBzBMFAbhvQg4YyPUQ==}
    peerDependencies:
      rollup: ^2.0.0 || ^3.0.0 || ^4.0.0

  rollup@4.60.2:
    resolution: {integrity: sha512-J9qZyW++QK/09NyN/zeO0dG/1GdGfyp9lV8ajHnRVLfo/uFsbji5mHnDgn/qYdUHyCkM2N+8VyspgZclfAh0eQ==}
    engines: {node: '>=18.0.0', npm: '>=8.0.0'}
    hasBin: true

  supports-preserve-symlinks-flag@1.0.0:
    resolution: {integrity: sha512-ot0WnXS9fgdkgIcePe6RHNk1WA8+muPa6cSjeR3V8K27q9BB1rTE3R1p7Hv0z1ZyAc8s6Vvv8DIyWf681MAt0w==}
    engines: {node: '>= 0.4'}

  tailwindcss@4.2.4:
    resolution: {integrity: sha512-HhKppgO81FQof5m6TEnuBWCZGgfRAWbaeOaGT00KOy/Pf/j6oUihdvBpA7ltCeAvZpFhW3j0PTclkxsd4IXYDA==}

  typescript@6.0.3:
    resolution: {integrity: sha512-y2TvuxSZPDyQakkFRPZHKFm+KKVqIisdg9/CZwm9ftvKXLP8NRWj38/ODjNbr43SsoXqNuAisEf1GdCxqWcdBw==}
    engines: {node: '>=14.17'}
    hasBin: true

snapshots:

  '@babel/code-frame@7.29.0':
    dependencies:
      '@babel/helper-validator-identifier': 7.28.5
      js-tokens: 4.0.0
      picocolors: 1.1.1
    optional: true

  '@babel/helper-validator-identifier@7.28.5':
    optional: true

  '@dual-bundle/import-meta-resolve@4.2.1': {}

  '@fastify/deepmerge@2.0.2': {}

  '@jridgewell/gen-mapping@0.3.13':
    dependencies:
      '@jridgewell/sourcemap-codec': 1.5.5
      '@jridgewell/trace-mapping': 0.3.31

  '@jridgewell/remapping@2.3.5':
    dependencies:
      '@jridgewell/gen-mapping': 0.3.13
      '@jridgewell/trace-mapping': 0.3.31

  '@jridgewell/resolve-uri@3.1.2': {}

  '@jridgewell/sourcemap-codec@1.5.5': {}

  '@jridgewell/trace-mapping@0.3.31':
    dependencies:
      '@jridgewell/resolve-uri': 3.1.2
      '@jridgewell/sourcemap-codec': 1.5.5

  '@material/material-color-utilities@0.4.0': {}

  '@rollup/plugin-commonjs@29.0.2(rollup@4.60.2)':
    dependencies:
      '@rollup/pluginutils': 5.3.0(rollup@4.60.2)
      commondir: 1.0.1
      estree-walker: 2.0.2
      fdir: 6.5.0(picomatch@4.0.4)
      is-reference: 1.2.1
      magic-string: 0.30.21
      picomatch: 4.0.4
    optionalDependencies:
      rollup: 4.60.2

  '@rollup/plugin-node-resolve@16.0.3(rollup@4.60.2)':
    dependencies:
      '@rollup/pluginutils': 5.3.0(rollup@4.60.2)
      '@types/resolve': 1.20.2
      deepmerge: 4.3.1
      is-module: 1.0.0
      resolve: 1.22.12
    optionalDependencies:
      rollup: 4.60.2

  '@rollup/pluginutils@5.3.0(rollup@4.60.2)':
    dependencies:
      '@types/estree': 1.0.8
      estree-walker: 2.0.2
      picomatch: 4.0.4
    optionalDependencies:
      rollup: 4.60.2

  '@rollup/rollup-android-arm-eabi@4.60.2':
    optional: true

  '@rollup/rollup-android-arm64@4.60.2':
    optional: true

  '@rollup/rollup-darwin-arm64@4.60.2':
    optional: true

  '@rollup/rollup-darwin-x64@4.60.2':
    optional: true

  '@rollup/rollup-freebsd-arm64@4.60.2':
    optional: true

  '@rollup/rollup-freebsd-x64@4.60.2':
    optional: true

  '@rollup/rollup-linux-arm-gnueabihf@4.60.2':
    optional: true

  '@rollup/rollup-linux-arm-musleabihf@4.60.2':
    optional: true

  '@rollup/rollup-linux-arm64-gnu@4.60.2':
    optional: true

  '@rollup/rollup-linux-arm64-musl@4.60.2':
    optional: true

  '@rollup/rollup-linux-loong64-gnu@4.60.2':
    optional: true

  '@rollup/rollup-linux-loong64-musl@4.60.2':
    optional: true

  '@rollup/rollup-linux-ppc64-gnu@4.60.2':
    optional: true

  '@rollup/rollup-linux-ppc64-musl@4.60.2':
    optional: true

  '@rollup/rollup-linux-riscv64-gnu@4.60.2':
    optional: true

  '@rollup/rollup-linux-riscv64-musl@4.60.2':
    optional: true

  '@rollup/rollup-linux-s390x-gnu@4.60.2':
    optional: true

  '@rollup/rollup-linux-x64-gnu@4.60.2':
    optional: true

  '@rollup/rollup-linux-x64-musl@4.60.2':
    optional: true

  '@rollup/rollup-openbsd-x64@4.60.2':
    optional: true

  '@rollup/rollup-openharmony-arm64@4.60.2':
    optional: true

  '@rollup/rollup-win32-arm64-msvc@4.60.2':
    optional: true

  '@rollup/rollup-win32-ia32-msvc@4.60.2':
    optional: true

  '@rollup/rollup-win32-x64-gnu@4.60.2':
    optional: true

  '@rollup/rollup-win32-x64-msvc@4.60.2':
    optional: true

  '@swc/core-darwin-arm64@1.15.32':
    optional: true

  '@swc/core-darwin-x64@1.15.32':
    optional: true

  '@swc/core-linux-arm-gnueabihf@1.15.32':
    optional: true

  '@swc/core-linux-arm64-gnu@1.15.32':
    optional: true

  '@swc/core-linux-arm64-musl@1.15.32':
    optional: true

  '@swc/core-linux-ppc64-gnu@1.15.32':
    optional: true

  '@swc/core-linux-s390x-gnu@1.15.32':
    optional: true

  '@swc/core-linux-x64-gnu@1.15.32':
    optional: true

  '@swc/core-linux-x64-musl@1.15.32':
    optional: true

  '@swc/core-win32-arm64-msvc@1.15.32':
    optional: true

  '@swc/core-win32-ia32-msvc@1.15.32':
    optional: true

  '@swc/core-win32-x64-msvc@1.15.32':
    optional: true

  '@swc/core@1.15.32':
    dependencies:
      '@swc/counter': 0.1.3
      '@swc/types': 0.1.26
    optionalDependencies:
      '@swc/core-darwin-arm64': 1.15.32
      '@swc/core-darwin-x64': 1.15.32
      '@swc/core-linux-arm-gnueabihf': 1.15.32
      '@swc/core-linux-arm64-gnu': 1.15.32
      '@swc/core-linux-arm64-musl': 1.15.32
      '@swc/core-linux-ppc64-gnu': 1.15.32
      '@swc/core-linux-s390x-gnu': 1.15.32
      '@swc/core-linux-x64-gnu': 1.15.32
      '@swc/core-linux-x64-musl': 1.15.32
      '@swc/core-win32-arm64-msvc': 1.15.32
      '@swc/core-win32-ia32-msvc': 1.15.32
      '@swc/core-win32-x64-msvc': 1.15.32

  '@swc/counter@0.1.3': {}

  '@swc/types@0.1.26':
    dependencies:
      '@swc/counter': 0.1.3

  '@types/estree@1.0.8': {}

  '@types/resolve@1.20.2': {}

  commondir@1.0.1: {}

  convert-source-map@2.0.0: {}

  deepmerge@4.3.1: {}

  es-errors@1.3.0: {}

  estree-walker@2.0.2: {}

  fdir@6.5.0(picomatch@4.0.4):
    optionalDependencies:
      picomatch: 4.0.4

  fsevents@2.3.3:
    optional: true

  function-bind@1.1.2: {}

  get-tsconfig@4.14.0:
    dependencies:
      resolve-pkg-maps: 1.0.0

  hasown@2.0.3:
    dependencies:
      function-bind: 1.1.2

  is-core-module@2.16.1:
    dependencies:
      hasown: 2.0.3

  is-module@1.0.0: {}

  is-reference@1.2.1:
    dependencies:
      '@types/estree': 1.0.8

  js-tokens@4.0.0:
    optional: true

  magic-string@0.30.21:
    dependencies:
      '@jridgewell/sourcemap-codec': 1.5.5

  path-parse@1.0.7: {}

  picocolors@1.1.1:
    optional: true

  picomatch@4.0.4: {}

  prettier@3.8.3: {}

  resolve-pkg-maps@1.0.0: {}

  resolve@1.22.12:
    dependencies:
      es-errors: 1.3.0
      is-core-module: 2.16.1
      path-parse: 1.0.7
      supports-preserve-symlinks-flag: 1.0.0

  rollup-plugin-dts@6.4.1(rollup@4.60.2)(typescript@6.0.3):
    dependencies:
      '@jridgewell/remapping': 2.3.5
      '@jridgewell/sourcemap-codec': 1.5.5
      convert-source-map: 2.0.0
      magic-string: 0.30.21
      rollup: 4.60.2
      typescript: 6.0.3
    optionalDependencies:
      '@babel/code-frame': 7.29.0

  rollup-plugin-swc3@0.12.1(@swc/core@1.15.32)(rollup@4.60.2):
    dependencies:
      '@dual-bundle/import-meta-resolve': 4.2.1
      '@fastify/deepmerge': 2.0.2
      '@rollup/pluginutils': 5.3.0(rollup@4.60.2)
      '@swc/core': 1.15.32
      get-tsconfig: 4.14.0
      rollup: 4.60.2
      rollup-preserve-directives: 1.1.3(rollup@4.60.2)

  rollup-preserve-directives@1.1.3(rollup@4.60.2):
    dependencies:
      magic-string: 0.30.21
      rollup: 4.60.2

  rollup@4.60.2:
    dependencies:
      '@types/estree': 1.0.8
    optionalDependencies:
      '@rollup/rollup-android-arm-eabi': 4.60.2
      '@rollup/rollup-android-arm64': 4.60.2
      '@rollup/rollup-darwin-arm64': 4.60.2
      '@rollup/rollup-darwin-x64': 4.60.2
      '@rollup/rollup-freebsd-arm64': 4.60.2
      '@rollup/rollup-freebsd-x64': 4.60.2
      '@rollup/rollup-linux-arm-gnueabihf': 4.60.2
      '@rollup/rollup-linux-arm-musleabihf': 4.60.2
      '@rollup/rollup-linux-arm64-gnu': 4.60.2
      '@rollup/rollup-linux-arm64-musl': 4.60.2
      '@rollup/rollup-linux-loong64-gnu': 4.60.2
      '@rollup/rollup-linux-loong64-musl': 4.60.2
      '@rollup/rollup-linux-ppc64-gnu': 4.60.2
      '@rollup/rollup-linux-ppc64-musl': 4.60.2
      '@rollup/rollup-linux-riscv64-gnu': 4.60.2
      '@rollup/rollup-linux-riscv64-musl': 4.60.2
      '@rollup/rollup-linux-s390x-gnu': 4.60.2
      '@rollup/rollup-linux-x64-gnu': 4.60.2
      '@rollup/rollup-linux-x64-musl': 4.60.2
      '@rollup/rollup-openbsd-x64': 4.60.2
      '@rollup/rollup-openharmony-arm64': 4.60.2
      '@rollup/rollup-win32-arm64-msvc': 4.60.2
      '@rollup/rollup-win32-ia32-msvc': 4.60.2
      '@rollup/rollup-win32-x64-gnu': 4.60.2
      '@rollup/rollup-win32-x64-msvc': 4.60.2
      fsevents: 2.3.3

  supports-preserve-symlinks-flag@1.0.0: {}

  tailwindcss@4.2.4: {}

  typescript@6.0.3: {}
